
Microsoft Visual Studio Solution File, Format Version 12.00
# Visual Studio 2012
Project("{FAE04EC0-301F-11D3-BF4B-00C04F79EFBC}") = "PkgInstall", "PkgInstall\PkgInstall.csproj", "{8931B18A-3785-4627-9F00-8BD50F1175E6}"
EndProject
Project("{FAE04EC0-301F-11D3-BF4B-00C04F79EFBC}") = "vtb", "vtb\vtb.csproj", "{BA99A20C-904A-45BA-AD7F-6DB4A2A4EB59}"
EndProject
Global
	GlobalSection(SolutionConfigurationPlatforms) = preSolution
		Debug|Any CPU = Debug|Any CPU
		Release|Any CPU = Release|Any CPU
	EndGlobalSection
	GlobalSection(ProjectConfigurationPlatforms) = postSolution
		{8931B18A-3785-4627-9F00-8BD50F1175E6}.Debug|Any CPU.ActiveCfg = Debug|Any CPU
		{8931B18A-3785-4627-9F00-8BD50F1175E6}.Debug|Any CPU.Build.0 = Debug|Any CPU
		{8931B18A-3785-4627-9F00-8BD50F1175E6}.Release|Any CPU.ActiveCfg = Release|Any CPU
		{8931B18A-3785-4627-9F00-8BD50F1175E6}.Release|Any CPU.Build.0 = Release|Any CPU
		{BA99A20C-904A-45BA-AD7F-6DB4A2A4EB59}.Debug|Any CPU.ActiveCfg = Debug|Any CPU
		{BA99A20C-904A-45BA-AD7F-6DB4A2A4EB59}.Debug|Any CPU.Build.0 = Debug|Any CPU
		{BA99A20C-904A-45BA-AD7F-6DB4A2A4EB59}.Release|Any CPU.ActiveCfg = Release|Any CPU
		{BA99A20C-904A-45BA-AD7F-6DB4A2A4EB59}.Release|Any CPU.Build.0 = Release|Any CPU
	EndGlobalSection
	GlobalSection(SolutionProperties) = preSolution
		HideSolutionNode = FALSE
	EndGlobalSection
EndGlobal
